
Microsoft Visual Studio Solution File, Format Version 12.00
# Visual Studio 15
VisualStudioVersion = 15.0.28307.1000
MinimumVisualStudioVersion = 10.0.40219.1
Project("{FAE04EC0-301F-11D3-BF4B-00C04F79EFBC}") = "WebApplication3", "WebApplication3\WebApplication3.csproj", "{A98B6D1A-6AE6-428A-A128-8F0F04CA7349}"
EndProject
Project("{FAE04EC0-301F-11D3-BF4B-00C04F79EFBC}") = "WebApplication3.Tests", "WebApplication3.Tests\WebApplication3.Tests.csproj", "{C34FD954-612D-46BF-A3C3-CBA88CD9B867}"
EndProject
Global
	GlobalSection(SolutionConfigurationPlatforms) = preSolution
		Debug|Any CPU = Debug|Any CPU
		Release|Any CPU = Release|Any CPU
	EndGlobalSection
	GlobalSection(ProjectConfigurationPlatforms) = postSolution
		{A98B6D1A-6AE6-428A-A128-8F0F04CA7349}.Debug|Any CPU.ActiveCfg = Debug|Any CPU
		{A98B6D1A-6AE6-428A-A128-8F0F04CA7349}.Debug|Any CPU.Build.0 = Debug|Any CPU
		{A98B6D1A-6AE6-428A-A128-8F0F04CA7349}.Release|Any CPU.ActiveCfg = Release|Any CPU
		{A98B6D1A-6AE6-428A-A128-8F0F04CA7349}.Release|Any CPU.Build.0 = Release|Any CPU
		{C34FD954-612D-46BF-A3C3-CBA88CD9B867}.Debug|Any CPU.ActiveCfg = Debug|Any CPU
		{C34FD954-612D-46BF-A3C3-CBA88CD9B867}.Debug|Any CPU.Build.0 = Debug|Any CPU
		{C34FD954-612D-46BF-A3C3-CBA88CD9B867}.Release|Any CPU.ActiveCfg = Release|Any CPU
		{C34FD954-612D-46BF-A3C3-CBA88CD9B867}.Release|Any CPU.Build.0 = Release|Any CPU
	EndGlobalSection
	GlobalSection(SolutionProperties) = preSolution
		HideSolutionNode = FALSE
	EndGlobalSection
	GlobalSection(ExtensibilityGlobals) = postSolution
		SolutionGuid = {ECA57A3C-9B43-403C-8632-0C7263D63D3E}
	EndGlobalSection
EndGlobal
